schema: '2.0'
stages:
  prepare_data:
    cmd: bash prepare_data.sh
    deps:
    - path: ./vsa_encoder/dataset/paired_dsprites.py
      md5: 1682ccdbfa03abfdb0dab4d61f944b72
      size: 10685
    - path: prepare_data.sh
      md5: 67c28c76da20862669dfc22a22c30123
      size: 437
    outs:
    - path: data/
      md5: 1cb951cad95671d1df2ab3fe47840023.dir
      size: 20245742
      nfiles: 3
